
Microsoft Visual Studio Solution File, Format Version 12.00
# Visual Studio Version 17
VisualStudioVersion = 17.11.35222.181
MinimumVisualStudioVersion = 10.0.40219.1
Project("{FAE04EC0-301F-11D3-BF4B-00C04F79EFBC}") = "HackathonVidlaci", "HackathonVidlaci\HackathonVidlaci.csproj", "{EA13274A-F35F-4EDA-B3B6-67B8428AD69D}"
EndProject
Global
	GlobalSection(SolutionConfigurationPlatforms) = preSolution
		Debug|Any CPU = Debug|Any CPU
		Release|Any CPU = Release|Any CPU
	EndGlobalSection
	GlobalSection(ProjectConfigurationPlatforms) = postSolution
		{EA13274A-F35F-4EDA-B3B6-67B8428AD69D}.Debug|Any CPU.ActiveCfg = Debug|Any CPU
		{EA13274A-F35F-4EDA-B3B6-67B8428AD69D}.Debug|Any CPU.Build.0 = Debug|Any CPU
		{EA13274A-F35F-4EDA-B3B6-67B8428AD69D}.Release|Any CPU.ActiveCfg = Release|Any CPU
		{EA13274A-F35F-4EDA-B3B6-67B8428AD69D}.Release|Any CPU.Build.0 = Release|Any CPU
	EndGlobalSection
	GlobalSection(SolutionProperties) = preSolution
		HideSolutionNode = FALSE
	EndGlobalSection
	GlobalSection(ExtensibilityGlobals) = postSolution
		SolutionGuid = {FBE8178C-5666-494C-8841-6DD5954DD07D}
	EndGlobalSection
EndGlobal
